{
  "name": "nodebluetooth",
  "version": "1.0.0",
  "lockfileVersion": 1,
  "requires": true,
  "dependencies": {
    "bindings": {
      "version": "1.2.1",
      "resolved": "https://registry.npmjs.org/bindings/-/bindings-1.2.1.tgz",
      "integrity": "sha1-FK1hE4EtLTfXLme0ystLtyZQXxE="
    },
    "nan": {
      "version": "2.11.1",
      "resolved": "https://registry.npmjs.org/nan/-/nan-2.11.1.tgz",
      "integrity": "sha512-iji6k87OSXa0CcrLl9z+ZiYSuR2o+c0bGuNmXdrhTQTakxytAFsC56SArGYoiHlJlFoHSnvmhpceZJaXkVuOtA=="
    },
    "node-bluetooth": {
      "version": "1.2.3",
      "resolved": "https://registry.npmjs.org/node-bluetooth/-/node-bluetooth-1.2.3.tgz",
      "integrity": "sha512-bbKqiSAjG3fx6wirt8s9OnAWf6h/KCTO/l4w1z/bazUCvx1MaSfeC7Uu/hzHFc+UAFkpBWf3U7R7drggS5WnFg==",
      "requires": {
        "bindings": "1.2.1",
        "nan": "2.11.1"
      }
    }
  }
}
